// !$*UTF8*$!
{
	archiveVersion = 1;
	classes = {
	};
	objectVersion = 55;
	objects = {

/* Begin PBXBuildFile section */
		052017B6274DD6A200D8CDB6 /* AppDelegate.swift in Sources */ = {isa = PBXBuildFile; fileRef = 052017B5274DD6A200D8CDB6 /* AppDelegate.swift */; };
		052017B8274DD6A200D8CDB6 /* SceneDelegate.swift in Sources */ = {isa = PBXBuildFile; fileRef = 052017B7274DD6A200D8CDB6 /* SceneDelegate.swift */; };
		052017BA274DD6A200D8CDB6 /* ViewController.swift in Sources */ = {isa = PBXBuildFile; fileRef = 052017B9274DD6A200D8CDB6 /* ViewController.swift */; };
		052017BD274DD6A200D8CDB6 /* Main.storyboard in Resources */ = {isa = PBXBuildFile; fileRef = 052017BB274DD6A200D8CDB6 /* Main.storyboard */; };
		052017BF274DD6A400D8CDB6 /* Assets.xcassets in Resources */ = {isa = PBXBuildFile; fileRef = 052017BE274DD6A400D8CDB6 /* Assets.xcassets */; };
		052017C2274DD6A400D8CDB6 /* LaunchScreen.storyboard in Resources */ = {isa = PBXBuildFile; fileRef = 052017C0274DD6A400D8CDB6 /* LaunchScreen.storyboard */; };
		052017CD274DD6A400D8CDB6 /* CodeJapanTests.swift in Sources */ = {isa = PBXBuildFile; fileRef = 052017CC274DD6A400D8CDB6 /* CodeJapanTests.swift */; };
		052017D7274DD6A400D8CDB6 /* CodeJapanUITests.swift in Sources */ = {isa = PBXBuildFile; fileRef = 052017D6274DD6A400D8CDB6 /* CodeJapanUITests.swift */; };
		052017D9274DD6A400D8CDB6 /* CodeJapanUITestsLaunchTests.swift in Sources */ = {isa = PBXBuildFile; fileRef = 052017D8274DD6A400D8CDB6 /* CodeJapanUITestsLaunchTests.swift */; };
		052017E6274DF23E00D8CDB6 /* Colors.swift in Sources */ = {isa = PBXBuildFile; fileRef = 052017E5274DF23E00D8CDB6 /* Colors.swift */; };
		05B363472751C20200EE6C0F /* Entity.swift in Sources */ = {isa = PBXBuildFile; fileRef = 05B363462751C20200EE6C0F /* Entity.swift */; };
		05B363492751C2E000EE6C0F /* API.swift in Sources */ = {isa = PBXBuildFile; fileRef = 05B363482751C2E000EE6C0F /* API.swift */; };
		95F5911A8DC5D91A3C7EB59D /* Pods_CodeJapan.framework in Frameworks */ = {isa = PBXBuildFile; fileRef = 33FC816517D59428A20F0EC4 /* Pods_CodeJapan.framework */; };
		A1C6D965DEDCCF47BC85699B /* Pods_CodeJapan_CodeJapanUITests.framework in Frameworks */ = {isa = PBXBuildFile; fileRef = 60C48EF7751EE844A38448AD /* Pods_CodeJapan_CodeJapanUITests.framework */; };
		A3A654DC4EBF343509954EF5 /* Pods_CodeJapanTests.framework in Frameworks */ = {isa = PBXBuildFile; fileRef = 15DB96A4C034289F62F870D7 /* Pods_CodeJapanTests.framework */; };
/* End PBXBuildFile section */

/* Begin PBXContainerItemProxy section */
		052017C9274DD6A400D8CDB6 /* PBXContainerItemProxy */ = {
			isa = PBXContainerItemProxy;
			containerPortal = 052017AA274DD6A200D8CDB6 /* Project object */;
			proxyType = 1;
			remoteGlobalIDString = 052017B1274DD6A200D8CDB6;
			remoteInfo = CodeJapan;
		};
		052017D3274DD6A400D8CDB6 /* PBXContainerItemProxy */ = {
			isa = PBXContainerItemProxy;
			containerPortal = 052017AA274DD6A200D8CDB6 /* Project object */;
			proxyType = 1;
			remoteGlobalIDString = 052017B1274DD6A200D8CDB6;
			remoteInfo = CodeJapan;
		};
/* End PBXContainerItemProxy section */

/* Begin PBXFileReference section */
		052017B2274DD6A200D8CDB6 /* CodeJapan.app */ = {isa = PBXFileReference; explicitFileType = wrapper.application; includeInIndex = 0; path = CodeJapan.app; sourceTree = BUILT_PRODUCTS_DIR; };
		052017B5274DD6A200D8CDB6 /* AppDelegate.swift */ = {isa = PBXFileReference; lastKnownFileType = sourcecode.swift; path = AppDelegate.swift; sourceTree = "<group>"; };
		052017B7274DD6A200D8CDB6 /* SceneDelegate.swift */ = {isa = PBXFileReference; lastKnownFileType = sourcecode.swift; path = SceneDelegate.swift; sourceTree = "<group>"; };
		052017B9274DD6A200D8CDB6 /* ViewController.swift */ = {isa = PBXFileReference; lastKnownFileType = sourcecode.swift; path = ViewController.swift; sourceTree = "<group>"; };
		052017BC274DD6A200D8CDB6 /* Base */ = {isa = PBXFileReference; lastKnownFileType = file.storyboard; name = Base; path = Base.lproj/Main.storyboard; sourceTree = "<group>"; };
		052017BE274DD6A400D8CDB6 /* Assets.xcassets */ = {isa = PBXFileReference; lastKnownFileType = folder.assetcatalog; path = Assets.xcassets; sourceTree = "<group>"; };
		052017C1274DD6A400D8CDB6 /* Base */ = {isa = PBXFileReference; lastKnownFileType = file.storyboard; name = Base; path = Base.lproj/LaunchScreen.storyboard; sourceTree = "<group>"; };
		052017C3274DD6A400D8CDB6 /* Info.plist */ = {isa = PBXFileReference; lastKnownFileType = text.plist.xml; path = Info.plist; sourceTree = "<group>"; };
		052017C8274DD6A400D8CDB6 /* CodeJapanTests.xctest */ = {isa = PBXFileReference; explicitFileType = wrapper.cfbundle; includeInIndex = 0; path = CodeJapanTests.xctest; sourceTree = BUILT_PRODUCTS_DIR; };
		052017CC274DD6A400D8CDB6 /* CodeJapanTests.swift */ = {isa = PBXFileReference; lastKnownFileType = sourcecode.swift; path = CodeJapanTests.swift; sourceTree = "<group>"; };
		052017D2274DD6A400D8CDB6 /* CodeJapanUITests.xctest */ = {isa = PBXFileReference; explicitFileType = wrapper.cfbundle; includeInIndex = 0; path = CodeJapanUITests.xctest; sourceTree = BUILT_PRODUCTS_DIR; };
		052017D6274DD6A400D8CDB6 /* CodeJapanUITests.swift */ = {isa = PBXFileReference; lastKnownFileType = sourcecode.swift; path = CodeJapanUITests.swift; sourceTree = "<group>"; };
		052017D8274DD6A400D8CDB6 /* CodeJapanUITestsLaunchTests.swift */ = {isa = PBXFileReference; lastKnownFileType = sourcecode.swift; path = CodeJapanUITestsLaunchTests.swift; sourceTree = "<group>"; };
		052017E5274DF23E00D8CDB6 /* Colors.swift */ = {isa = PBXFileReference; lastKnownFileType = sourcecode.swift; path = Colors.swift; sourceTree = "<group>"; };
		05B363462751C20200EE6C0F /* Entity.swift */ = {isa = PBXFileReference; lastKnownFileType = sourcecode.swift; path = Entity.swift; sourceTree = "<group>"; };
		05B363482751C2E000EE6C0F /* API.swift */ = {isa = PBXFileReference; lastKnownFileType = sourcecode.swift; path = API.swift; sourceTree = "<group>"; };
		15DB96A4C034289F62F870D7 /* Pods_CodeJapanTests.framework */ = {isa = PBXFileReference; explicitFileType = wrapper.framework; includeInIndex = 0; path = Pods_CodeJapanTests.framework; sourceTree = BUILT_PRODUCTS_DIR; };
		33FC816517D59428A20F0EC4 /* Pods_CodeJapan.framework */ = {isa = PBXFileReference; explicitFileType = wrapper.framework; includeInIndex = 0; path = Pods_CodeJapan.framework; sourceTree = BUILT_PRODUCTS_DIR; };
		5C26618EA4E68823DC286AB7 /* Pods-CodeJapan.debug.xcconfig */ = {isa = PBXFileReference; includeInIndex = 1; lastKnownFileType = text.xcconfig; name = "Pods-CodeJapan.debug.xcconfig"; path = "Target Support Files/Pods-CodeJapan/Pods-CodeJapan.debug.xcconfig"; sourceTree = "<group>"; };
		60C48EF7751EE844A38448AD /* Pods_CodeJapan_CodeJapanUITests.framework */ = {isa = PBXFileReference; explicitFileType = wrapper.framework; includeInIndex = 0; path = Pods_CodeJapan_CodeJapanUITests.framework; sourceTree = BUILT_PRODUCTS_DIR; };
		709519279E60BAB03A6C8686 /* Pods-CodeJapanTests.release.xcconfig */ = {isa = PBXFileReference; includeInIndex = 1; lastKnownFileType = text.xcconfig; name = "Pods-CodeJapanTests.release.xcconfig"; path = "Target Support Files/Pods-CodeJapanTests/Pods-CodeJapanTests.release.xcconfig"; sourceTree = "<group>"; };
		7C3ED0A4D22F609D5A2230BB /* Pods-CodeJapan-CodeJapanUITests.release.xcconfig */ = {isa = PBXFileReference; includeInIndex = 1; lastKnownFileType = text.xcconfig; name = "Pods-CodeJapan-CodeJapanUITests.release.xcconfig"; path = "Target Support Files/Pods-CodeJapan-CodeJapanUITests/Pods-CodeJapan-CodeJapanUITests.release.xcconfig"; sourceTree = "<group>"; };
		9577D9B879E8157790C18EBB /* Pods-CodeJapan.release.xcconfig */ = {isa = PBXFileReference; includeInIndex = 1; lastKnownFileType = text.xcconfig; name = "Pods-CodeJapan.release.xcconfig"; path = "Target Support Files/Pods-CodeJapan/Pods-CodeJapan.release.xcconfig"; sourceTree = "<group>"; };
		B842F2C7BAF259423597F95C /* Pods-CodeJapanTests.debug.xcconfig */ = {isa = PBXFileReference; includeInIndex = 1; lastKnownFileType = text.xcconfig; name = "Pods-CodeJapanTests.debug.xcconfig"; path = "Target Support Files/Pods-CodeJapanTests/Pods-CodeJapanTests.debug.xcconfig"; sourceTree = "<group>"; };
		FBD0AFEE45B072E8349431AB /* Pods-CodeJapan-CodeJapanUITests.debug.xcconfig */ = {isa = PBXFileReference; includeInIndex = 1; lastKnownFileType = text.xcconfig; name = "Pods-CodeJapan-CodeJapanUITests.debug.xcconfig"; path = "Target Support Files/Pods-CodeJapan-CodeJapanUITests/Pods-CodeJapan-CodeJapanUITests.debug.xcconfig"; sourceTree = "<group>"; };
/* End PBXFileReference section */

/* Begin PBXFrameworksBuildPhase section */
		052017AF274DD6A200D8CDB6 /* Frameworks */ = {
			isa = PBXFrameworksBuildPhase;
			buildActionMask = 2147483647;
			files = (
				95F5911A8DC5D91A3C7EB59D /* Pods_CodeJapan.framework in Frameworks */,
			);
			runOnlyForDeploymentPostprocessing = 0;
		};
		052017C5274DD6A400D8CDB6 /* Frameworks */ = {
			isa = PBXFrameworksBuildPhase;
			buildActionMask = 2147483647;
			files = (
				A3A654DC4EBF343509954EF5 /* Pods_CodeJapanTests.framework in Frameworks */,
			);
			runOnlyForDeploymentPostprocessing = 0;
		};
		052017CF274DD6A400D8CDB6 /* Frameworks */ = {
			isa = PBXFrameworksBuildPhase;
			buildActionMask = 2147483647;
			files = (
				A1C6D965DEDCCF47BC85699B /* Pods_CodeJapan_CodeJapanUITests.framework in Frameworks */,
			);
			runOnlyForDeploymentPostprocessing = 0;
		};
/* End PBXFrameworksBuildPhase section */

/* Begin PBXGroup section */
		052017A9274DD6A200D8CDB6 = {
			isa = PBXGroup;
			children = (
				052017B4274DD6A200D8CDB6 /* CodeJapan */,
				052017CB274DD6A400D8CDB6 /* CodeJapanTests */,
				052017D5274DD6A400D8CDB6 /* CodeJapanUITests */,
				052017B3274DD6A200D8CDB6 /* Products */,
				2DE900213ADF43211D5A251F /* Pods */,
				809A9582858FB96D67CC2C9F /* Frameworks */,
			);
			sourceTree = "<group>";
		};
		052017B3274DD6A200D8CDB6 /* Products */ = {
			isa = PBXGroup;
			children = (
				052017B2274DD6A200D8CDB6 /* CodeJapan.app */,
				052017C8274DD6A400D8CDB6 /* CodeJapanTests.xctest */,
				052017D2274DD6A400D8CDB6 /* CodeJapanUITests.xctest */,
			);
			name = Products;
			sourceTree = "<group>";
		};
		052017B4274DD6A200D8CDB6 /* CodeJapan */ = {
			isa = PBXGroup;
			children = (
				052017B5274DD6A200D8CDB6 /* AppDelegate.swift */,
				052017B7274DD6A200D8CDB6 /* SceneDelegate.swift */,
				052017B9274DD6A200D8CDB6 /* ViewController.swift */,
				05B363462751C20200EE6C0F /* Entity.swift */,
				05B363482751C2E000EE6C0F /* API.swift */,
				052017E5274DF23E00D8CDB6 /* Colors.swift */,
				052017BB274DD6A200D8CDB6 /* Main.storyboard */,
				052017BE274DD6A400D8CDB6 /* Assets.xcassets */,
				052017C0274DD6A400D8CDB6 /* LaunchScreen.storyboard */,
				052017C3274DD6A400D8CDB6 /* Info.plist */,
			);
			path = CodeJapan;
			sourceTree = "<group>";
		};
		052017CB274DD6A400D8CDB6 /* CodeJapanTests */ = {
			isa = PBXGroup;
			children = (
				052017CC274DD6A400D8CDB6 /* CodeJapanTests.swift */,
			);
			path = CodeJapanTests;
			sourceTree = "<group>";
		};
		052017D5274DD6A400D8CDB6 /* CodeJapanUITests */ = {
			isa = PBXGroup;
			children = (
				052017D6274DD6A400D8CDB6 /* CodeJapanUITests.swift */,
				052017D8274DD6A400D8CDB6 /* CodeJapanUITestsLaunchTests.swift */,
			);
			path = CodeJapanUITests;
			sourceTree = "<group>";
		};
		2DE900213ADF43211D5A251F /* Pods */ = {
			isa = PBXGroup;
			children = (
				5C26618EA4E68823DC286AB7 /* Pods-CodeJapan.debug.xcconfig */,
				9577D9B879E8157790C18EBB /* Pods-CodeJapan.release.xcconfig */,
				FBD0AFEE45B072E8349431AB /* Pods-CodeJapan-CodeJapanUITests.debug.xcconfig */,
				7C3ED0A4D22F609D5A2230BB /* Pods-CodeJapan-CodeJapanUITests.release.xcconfig */,
				B842F2C7BAF259423597F95C /* Pods-CodeJapanTests.debug.xcconfig */,
				709519279E60BAB03A6C8686 /* Pods-CodeJapanTests.release.xcconfig */,
			);
			name = Pods;
			path = Pods;
			sourceTree = "<group>";
		};
		809A9582858FB96D67CC2C9F /* Frameworks */ = {
			isa = PBXGroup;
			children = (
				33FC816517D59428A20F0EC4 /* Pods_CodeJapan.framework */,
				60C48EF7751EE844A38448AD /* Pods_CodeJapan_CodeJapanUITests.framework */,
				15DB96A4C034289F62F870D7 /* Pods_CodeJapanTests.framework */,
			);
			name = Frameworks;
			sourceTree = "<group>";
		};
/* End PBXGroup section */

/* Begin PBXNativeTarget section */
		052017B1274DD6A200D8CDB6 /* CodeJapan */ = {
			isa = PBXNativeTarget;
			buildConfigurationList = 052017DC274DD6A400D8CDB6 /* Build configuration list for PBXNativeTarget "CodeJapan" */;
			buildPhases = (
				BA034C1DDDDE9796AD149EB4 /* [CP] Check Pods Manifest.lock */,
				052017AE274DD6A200D8CDB6 /* Sources */,
				052017AF274DD6A200D8CDB6 /* Frameworks */,
				052017B0274DD6A200D8CDB6 /* Resources */,
				C11730ED23948005D61C51AA /* [CP] Embed Pods Frameworks */,
			);
			buildRules = (
			);
			dependencies = (
			);
			name = CodeJapan;
			productName = CodeJapan;
			productReference = 052017B2274DD6A200D8CDB6 /* CodeJapan.app */;
			productType = "com.apple.product-type.application";
		};
		052017C7274DD6A400D8CDB6 /* CodeJapanTests */ = {
			isa = PBXNativeTarget;
			buildConfigurationList = 052017DF274DD6A400D8CDB6 /* Build configuration list for PBXNativeTarget "CodeJapanTests" */;
			buildPhases = (
				EAC6E23991AB843CC960C0E9 /* [CP] Check Pods Manifest.lock */,
				052017C4274DD6A400D8CDB6 /* Sources */,
				052017C5274DD6A400D8CDB6 /* Frameworks */,
				052017C6274DD6A400D8CDB6 /* Resources */,
			);
			buildRules = (
			);
			dependencies = (
				052017CA274DD6A400D8CDB6 /* PBXTargetDependency */,
			);
			name = CodeJapanTests;
			productName = CodeJapanTests;
			productReference = 052017C8274DD6A400D8CDB6 /* CodeJapanTests.xctest */;
			productType = "com.apple.product-type.bundle.unit-test";
		};
		052017D1274DD6A400D8CDB6 /* CodeJapanUITests */ = {
			isa = PBXNativeTarget;
			buildConfigurationList = 052017E2274DD6A400D8CDB6 /* Build configuration list for PBXNativeTarget "CodeJapanUITests" */;
			buildPhases = (
				C9B7F88E069E4A38B3887645 /* [CP] Check Pods Manifest.lock */,
				052017CE274DD6A400D8CDB6 /* Sources */,
				052017CF274DD6A400D8CDB6 /* Frameworks */,
				052017D0274DD6A400D8CDB6 /* Resources */,
				1FD3283CB57C2059FB9308C6 /* [CP] Embed Pods Frameworks */,
			);
			buildRules = (
			);
			dependencies = (
				052017D4274DD6A400D8CDB6 /* PBXTargetDependency */,
			);
			name = CodeJapanUITests;
			productName = CodeJapanUITests;
			productReference = 052017D2274DD6A400D8CDB6 /* CodeJapanUITests.xctest */;
			productType = "com.apple.product-type.bundle.ui-testing";
		};
/* End PBXNativeTarget section */

/* Begin PBXProject section */
		052017AA274DD6A200D8CDB6 /* Project object */ = {
			isa = PBXProject;
			attributes = {
				BuildIndependentTargetsInParallel = 1;
				LastSwiftUpdateCheck = 1310;
				LastUpgradeCheck = 1310;
				TargetAttributes = {
					052017B1274DD6A200D8CDB6 = {
						CreatedOnToolsVersion = 13.1;
					};
					052017C7274DD6A400D8CDB6 = {
						CreatedOnToolsVersion = 13.1;
						TestTargetID = 052017B1274DD6A200D8CDB6;
					};
					052017D1274DD6A400D8CDB6 = {
						CreatedOnToolsVersion = 13.1;
						TestTargetID = 052017B1274DD6A200D8CDB6;
					};
				};
			};
			buildConfigurationList = 052017AD274DD6A200D8CDB6 /* Build configuration list for PBXProject "CodeJapan" */;
			compatibilityVersion = "Xcode 13.0";
			developmentRegion = en;
			hasScannedForEncodings = 0;
			knownRegions = (
				en,
				Base,
			);
			mainGroup = 052017A9274DD6A200D8CDB6;
			productRefGroup = 052017B3274DD6A200D8CDB6 /* Products */;
			projectDirPath = "";
			projectRoot = "";
			targets = (
				052017B1274DD6A200D8CDB6 /* CodeJapan */,
				052017C7274DD6A400D8CDB6 /* CodeJapanTests */,
				052017D1274DD6A400D8CDB6 /* CodeJapanUITests */,
			);
		};
/* End PBXProject section */

/* Begin PBXResourcesBuildPhase section */
		052017B0274DD6A200D8CDB6 /* Resources */ = {
			isa = PBXResourcesBuildPhase;
			buildActionMask = 2147483647;
			files = (
				052017C2274DD6A400D8CDB6 /* LaunchScreen.storyboard in Resources */,
				052017BF274DD6A400D8CDB6 /* Assets.xcassets in Resources */,
				052017BD274DD6A200D8CDB6 /* Main.storyboard in Resources */,
			);
			runOnlyForDeploymentPostprocessing = 0;
		};
		052017C6274DD6A400D8CDB6 /* Resources */ = {
			isa = PBXResourcesBuildPhase;
			buildActionMask = 2147483647;
			files = (
			);
			runOnlyForDeploymentPostprocessing = 0;
		};
		052017D0274DD6A400D8CDB6 /* Resources */ = {
			isa = PBXResourcesBuildPhase;
			buildActionMask = 2147483647;
			files = (
			);
			runOnlyForDeploymentPostprocessing = 0;
		};
/* End PBXResourcesBuildPhase section */

/* Begin PBXShellScriptBuildPhase section */
		1FD3283CB57C2059FB9308C6 /* [CP] Embed Pods Frameworks */ = {
			isa = PBXShellScriptBuildPhase;
			buildActionMask = 2147483647;
			files = (
			);
			inputFileListPaths = (
				"${PODS_ROOT}/Target Support Files/Pods-CodeJapan-CodeJapanUITests/Pods-CodeJapan-CodeJapanUITests-frameworks-${CONFIGURATION}-input-files.xcfilelist",
			);
			name = "[CP] Embed Pods Frameworks";
			outputFileListPaths = (
				"${PODS_ROOT}/Target Support Files/Pods-CodeJapan-CodeJapanUITests/Pods-CodeJapan-CodeJapanUITests-frameworks-${CONFIGURATION}-output-files.xcfilelist",
			);
			runOnlyForDeploymentPostprocessing = 0;
			shellPath = /bin/sh;
			shellScript = "\"${PODS_ROOT}/Target Support Files/Pods-CodeJapan-CodeJapanUITests/Pods-CodeJapan-CodeJapanUITests-frameworks.sh\"\n";
			showEnvVarsInLog = 0;
		};
		BA034C1DDDDE9796AD149EB4 /* [CP] Check Pods Manifest.lock */ = {
			isa = PBXShellScriptBuildPhase;
			buildActionMask = 2147483647;
			files = (
			);
			inputFileListPaths = (
			);
			inputPaths = (
				"${PODS_PODFILE_DIR_PATH}/Podfile.lock",
				"${PODS_ROOT}/Manifest.lock",
			);
			name = "[CP] Check Pods Manifest.lock";
			outputFileListPaths = (
			);
			outputPaths = (
				"$(DERIVED_FILE_DIR)/Pods-CodeJapan-checkManifestLockResult.txt",
			);
			runOnlyForDeploymentPostprocessing = 0;
			shellPath = /bin/sh;
			shellScript = "diff \"${PODS_PODFILE_DIR_PATH}/Podfile.lock\" \"${PODS_ROOT}/Manifest.lock\" > /dev/null\nif [ $? != 0 ] ; then\n    # print error to STDERR\n    echo \"error: The sandbox is not in sync with the Podfile.lock. Run 'pod install' or update your CocoaPods installation.\" >&2\n    exit 1\nfi\n# This output is used by Xcode 'outputs' to avoid re-running this script phase.\necho \"SUCCESS\" > \"${SCRIPT_OUTPUT_FILE_0}\"\n";
			showEnvVarsInLog = 0;
		};
		C11730ED23948005D61C51AA /* [CP] Embed Pods Frameworks */ = {
			isa = PBXShellScriptBuildPhase;
			buildActionMask = 2147483647;
			files = (
			);
			inputFileListPaths = (
				"${PODS_ROOT}/Target Support Files/Pods-CodeJapan/Pods-CodeJapan-frameworks-${CONFIGURATION}-input-files.xcfilelist",
			);
			name = "[CP] Embed Pods Frameworks";
			outputFileListPaths = (
				"${PODS_ROOT}/Target Support Files/Pods-CodeJapan/Pods-CodeJapan-frameworks-${CONFIGURATION}-output-files.xcfilelist",
			);
			runOnlyForDeploymentPostprocessing = 0;
			shellPath = /bin/sh;
			shellScript = "\"${PODS_ROOT}/Target Support Files/Pods-CodeJapan/Pods-CodeJapan-frameworks.sh\"\n";
			showEnvVarsInLog = 0;
		};
		C9B7F88E069E4A38B3887645 /* [CP] Check Pods Manifest.lock */ = {
			isa = PBXShellScriptBuildPhase;
			buildActionMask = 2147483647;
			files = (
			);
			inputFileListPaths = (
			);
			inputPaths = (
				"${PODS_PODFILE_DIR_PATH}/Podfile.lock",
				"${PODS_ROOT}/Manifest.lock",
			);
			name = "[CP] Check Pods Manifest.lock";
			outputFileListPaths = (
			);
			outputPaths = (
				"$(DERIVED_FILE_DIR)/Pods-CodeJapan-CodeJapanUITests-checkManifestLockResult.txt",
			);
			runOnlyForDeploymentPostprocessing = 0;
			shellPath = /bin/sh;
			shellScript = "diff \"${PODS_PODFILE_DIR_PATH}/Podfile.lock\" \"${PODS_ROOT}/Manifest.lock\" > /dev/null\nif [ $? != 0 ] ; then\n    # print error to STDERR\n    echo \"error: The sandbox is not in sync with the Podfile.lock. Run 'pod install' or update your CocoaPods installation.\" >&2\n    exit 1\nfi\n# This output is used by Xcode 'outputs' to avoid re-running this script phase.\necho \"SUCCESS\" > \"${SCRIPT_OUTPUT_FILE_0}\"\n";
			showEnvVarsInLog = 0;
		};
		EAC6E23991AB843CC960C0E9 /* [CP] Check Pods Manifest.lock */ = {
			isa = PBXShellScriptBuildPhase;
			buildActionMask = 2147483647;
			files = (
			);
			inputFileListPaths = (
			);
			inputPaths = (
				"${PODS_PODFILE_DIR_PATH}/Podfile.lock",
				"${PODS_ROOT}/Manifest.lock",
			);
			name = "[CP] Check Pods Manifest.lock";
			outputFileListPaths = (
			);
			outputPaths = (
				"$(DERIVED_FILE_DIR)/Pods-CodeJapanTests-checkManifestLockResult.txt",
			);
			runOnlyForDeploymentPostprocessing = 0;
			shellPath = /bin/sh;
			shellScript = "diff \"${PODS_PODFILE_DIR_PATH}/Podfile.lock\" \"${PODS_ROOT}/Manifest.lock\" > /dev/null\nif [ $? != 0 ] ; then\n    # print error to STDERR\n    echo \"error: The sandbox is not in sync with the Podfile.lock. Run 'pod install' or update your CocoaPods installation.\" >&2\n    exit 1\nfi\n# This output is used by Xcode 'outputs' to avoid re-running this script phase.\necho \"SUCCESS\" > \"${SCRIPT_OUTPUT_FILE_0}\"\n";
			showEnvVarsInLog = 0;
		};
/* End PBXShellScriptBuildPhase section */

/* Begin PBXSourcesBuildPhase section */
		052017AE274DD6A200D8CDB6 /* Sources */ = {
			isa = PBXSourcesBuildPhase;
			buildActionMask = 2147483647;
			files = (
				052017BA274DD6A200D8CDB6 /* ViewController.swift in Sources */,
				05B363472751C20200EE6C0F /* Entity.swift in Sources */,
				052017E6274DF23E00D8CDB6 /* Colors.swift in Sources */,
				052017B6274DD6A200D8CDB6 /* AppDelegate.swift in Sources */,
				05B363492751C2E000EE6C0F /* API.swift in Sources */,
				052017B8274DD6A200D8CDB6 /* SceneDelegate.swift in Sources */,
			);
			runOnlyForDeploymentPostprocessing = 0;
		};
		052017C4274DD6A400D8CDB6 /* Sources */ = {
			isa = PBXSourcesBuildPhase;
			buildActionMask = 2147483647;
			files = (
				052017CD274DD6A400D8CDB6 /* CodeJapanTests.swift in Sources */,
			);
			runOnlyForDeploymentPostprocessing = 0;
		};
		052017CE274DD6A400D8CDB6 /* Sources */ = {
			isa = PBXSourcesBuildPhase;
			buildActionMask = 2147483647;
			files = (
				052017D9274DD6A400D8CDB6 /* CodeJapanUITestsLaunchTests.swift in Sources */,
				052017D7274DD6A400D8CDB6 /* CodeJapanUITests.swift in Sources */,
			);
			runOnlyForDeploymentPostprocessing = 0;
		};
/* End PBXSourcesBuildPhase section */

/* Begin PBXTargetDependency section */
		052017CA274DD6A400D8CDB6 /* PBXTargetDependency */ = {
			isa = PBXTargetDependency;
			target = 052017B1274DD6A200D8CDB6 /* CodeJapan */;
			targetProxy = 052017C9274DD6A400D8CDB6 /* PBXContainerItemProxy */;
		};
		052017D4274DD6A400D8CDB6 /* PBXTargetDependency */ = {
			isa = PBXTargetDependency;
			target = 052017B1274DD6A200D8CDB6 /* CodeJapan */;
			targetProxy = 052017D3274DD6A400D8CDB6 /* PBXContainerItemProxy */;
		};
/* End PBXTargetDependency section */

/* Begin PBXVariantGroup section */
		052017BB274DD6A200D8CDB6 /* Main.storyboard */ = {
			isa = PBXVariantGroup;
			children = (
				052017BC274DD6A200D8CDB6 /* Base */,
			);
			name = Main.storyboard;
			sourceTree = "<group>";
		};
		052017C0274DD6A400D8CDB6 /* LaunchScreen.storyboard */ = {
			isa = PBXVariantGroup;
			children = (
				052017C1274DD6A400D8CDB6 /* Base */,
			);
			name = LaunchScreen.storyboard;
			sourceTree = "<group>";
		};
/* End PBXVariantGroup section */

/* Begin XCBuildConfiguration section */
		052017DA274DD6A400D8CDB6 /* Debug */ = {
			isa = XCBuildConfiguration;
			buildSettings = {
				ALWAYS_SEARCH_USER_PATHS = NO;
				CLANG_ANALYZER_NONNULL = YES;
				CLANG_ANALYZER_NUMBER_OBJECT_CONVERSION = YES_AGGRESSIVE;
				CLANG_CXX_LANGUAGE_STANDARD = "gnu++17";
				CLANG_CXX_LIBRARY = "libc++";
				CLANG_ENABLE_MODULES = YES;
				CLANG_ENABLE_OBJC_ARC = YES;
				CLANG_ENABLE_OBJC_WEAK = YES;
				CLANG_WARN_BLOCK_CAPTURE_AUTORELEASING = YES;
				CLANG_WARN_BOOL_CONVERSION = YES;
				CLANG_WARN_COMMA = YES;
				CLANG_WARN_CONSTANT_CONVERSION = YES;
				CLANG_WARN_DEPRECATED_OBJC_IMPLEMENTATIONS = YES;
				CLANG_WARN_DIRECT_OBJC_ISA_USAGE = YES_ERROR;
				CLANG_WARN_DOCUMENTATION_COMMENTS = YES;
				CLANG_WARN_EMPTY_BODY = YES;
				CLANG_WARN_ENUM_CONVERSION = YES;
				CLANG_WARN_INFINITE_RECURSION = YES;
				CLANG_WARN_INT_CONVERSION = YES;
				CLANG_WARN_NON_LITERAL_NULL_CONVERSION = YES;
				CLANG_WARN_OBJC_IMPLICIT_RETAIN_SELF = YES;
				CLANG_WARN_OBJC_LITERAL_CONVERSION = YES;
				CLANG_WARN_OBJC_ROOT_CLASS = YES_ERROR;
				CLANG_WARN_QUOTED_INCLUDE_IN_FRAMEWORK_HEADER = YES;
				CLANG_WARN_RANGE_LOOP_ANALYSIS = YES;
				CLANG_WARN_STRICT_PROTOTYPES = YES;
				CLANG_WARN_SUSPICIOUS_MOVE = YES;
				CLANG_WARN_UNGUARDED_AVAILABILITY = YES_AGGRESSIVE;
				CLANG_WARN_UNREACHABLE_CODE = YES;
				CLANG_WARN__DUPLICATE_METHOD_MATCH = YES;
				COPY_PHASE_STRIP = NO;
				DEBUG_INFORMATION_FORMAT = dwarf;
				ENABLE_STRICT_OBJC_MSGSEND = YES;
				ENABLE_TESTABILITY = YES;
				GCC_C_LANGUAGE_STANDARD = gnu11;
				GCC_DYNAMIC_NO_PIC = NO;
				GCC_NO_COMMON_BLOCKS = YES;
				GCC_OPTIMIZATION_LEVEL = 0;
				GCC_PREPROCESSOR_DEFINITIONS = (
					"DEBUG=1",
					"$(inherited)",
				);
				GCC_WARN_64_TO_32_BIT_CONVERSION = YES;
				GCC_WARN_ABOUT_RETURN_TYPE = YES_ERROR;
				GCC_WARN_UNDECLARED_SELECTOR = YES;
				GCC_WARN_UNINITIALIZED_AUTOS = YES_AGGRESSIVE;
				GCC_WARN_UNUSED_FUNCTION = YES;
				GCC_WARN_UNUSED_VARIABLE = YES;
				IPHONEOS_DEPLOYMENT_TARGET = 15.0;
				MTL_ENABLE_DEBUG_INFO = INCLUDE_SOURCE;
				MTL_FAST_MATH = YES;
				ONLY_ACTIVE_ARCH = YES;
				SDKROOT = iphoneos;
				SWIFT_ACTIVE_COMPILATION_CONDITIONS = DEBUG;
				SWIFT_OPTIMIZATION_LEVEL = "-Onone";
			};
			name = Debug;
		};
		052017DB274DD6A400D8CDB6 /* Release */ = {
			isa = XCBuildConfiguration;
			buildSettings = {
				ALWAYS_SEARCH_USER_PATHS = NO;
				CLANG_ANALYZER_NONNULL = YES;
				CLANG_ANALYZER_NUMBER_OBJECT_CONVERSION = YES_AGGRESSIVE;
				CLANG_CXX_LANGUAGE_STANDARD = "gnu++17";
				CLANG_CXX_LIBRARY = "libc++";
				CLANG_ENABLE_MODULES = YES;
				CLANG_ENABLE_OBJC_ARC = YES;
				CLANG_ENABLE_OBJC_WEAK = YES;
				CLANG_WARN_BLOCK_CAPTURE_AUTORELEASING = YES;
				CLANG_WARN_BOOL_CONVERSION = YES;
				CLANG_WARN_COMMA = YES;
				CLANG_WARN_CONSTANT_CONVERSION = YES;
				CLANG_WARN_DEPRECATED_OBJC_IMPLEMENTATIONS = YES;
				CLANG_WARN_DIRECT_OBJC_ISA_USAGE = YES_ERROR;
				CLANG_WARN_DOCUMENTATION_COMMENTS = YES;
				CLANG_WARN_EMPTY_BODY = YES;
				CLANG_WARN_ENUM_CONVERSION = YES;
				CLANG_WARN_INFINITE_RECURSION = YES;
				CLANG_WARN_INT_CONVERSION = YES;
				CLANG_WARN_NON_LITERAL_NULL_CONVERSION = YES;
				CLANG_WARN_OBJC_IMPLICIT_RETAIN_SELF = YES;
				CLANG_WARN_OBJC_LITERAL_CONVERSION = YES;
				CLANG_WARN_OBJC_ROOT_CLASS = YES_ERROR;
				CLANG_WARN_QUOTED_INCLUDE_IN_FRAMEWORK_HEADER = YES;
				CLANG_WARN_RANGE_LOOP_ANALYSIS = YES;
				CLANG_WARN_STRICT_PROTOTYPES = YES;
				CLANG_WARN_SUSPICIOUS_MOVE = YES;
				CLANG_WARN_UNGUARDED_AVAILABILITY = YES_AGGRESSIVE;
				CLANG_WARN_UNREACHABLE_CODE = YES;
				CLANG_WARN__DUPLICATE_METHOD_MATCH = YES;
				COPY_PHASE_STRIP = NO;
				DEBUG_INFORMATION_FORMAT = "dwarf-with-dsym";
				ENABLE_NS_ASSERTIONS = NO;
				ENABLE_STRICT_OBJC_MSGSEND = YES;
				GCC_C_LANGUAGE_STANDARD = gnu11;
				GCC_NO_COMMON_BLOCKS = YES;
				GCC_WARN_64_TO_32_BIT_CONVERSION = YES;
				GCC_WARN_ABOUT_RETURN_TYPE = YES_ERROR;
				GCC_WARN_UNDECLARED_SELECTOR = YES;
				GCC_WARN_UNINITIALIZED_AUTOS = YES_AGGRESSIVE;
				GCC_WARN_UNUSED_FUNCTION = YES;
				GCC_WARN_UNUSED_VARIABLE = YES;
				IPHONEOS_DEPLOYMENT_TARGET = 15.0;
				MTL_ENABLE_DEBUG_INFO = NO;
				MTL_FAST_MATH = YES;
				SDKROOT = iphoneos;
				SWIFT_COMPILATION_MODE = wholemodule;
				SWIFT_OPTIMIZATION_LEVEL = "-O";
				VALIDATE_PRODUCT = YES;
			};
			name = Release;
		};
		052017DD274DD6A400D8CDB6 /* Debug */ = {
			isa = XCBuildConfiguration;
			baseConfigurationReference = 5C26618EA4E68823DC286AB7 /* Pods-CodeJapan.debug.xcconfig */;
			buildSettings = {
				ASSETCATALOG_COMPILER_APPICON_NAME = AppIcon;
				ASSETCATALOG_COMPILER_GLOBAL_ACCENT_COLOR_NAME = AccentColor;
				CODE_SIGN_STYLE = Automatic;
				CURRENT_PROJECT_VERSION = 1;
				DEVELOPMENT_TEAM = 3VQL997966;
				GENERATE_INFOPLIST_FILE = YES;
				INFOPLIST_FILE = CodeJapan/Info.plist;
				INFOPLIST_KEY_UIApplicationSupportsIndirectInputEvents = YES;
				INFOPLIST_KEY_UILaunchStoryboardName = LaunchScreen;
				INFOPLIST_KEY_UIMainStoryboardFile = Main;
				INFOPLIST_KEY_UISupportedInterfaceOrientations_iPad = "UIInterfaceOrientationPortrait UIInterfaceOrientationPortraitUpsideDown UIInterfaceOrientationLandscapeLeft UIInterfaceOrientationLandscapeRight";
				INFOPLIST_KEY_UISupportedInterfaceOrientations_iPhone = "UIInterfaceOrientationPortrait UIInterfaceOrientationLandscapeLeft UIInterfaceOrientationLandscapeRight";
				LD_RUNPATH_SEARCH_PATHS = (
					"$(inherited)",
					"@executable_path/Frameworks",
				);
				MARKETING_VERSION = 1.0;
				PRODUCT_BUNDLE_IDENTIFIER = com.techimage.test.CodeJapan;
				PRODUCT_NAME = "$(TARGET_NAME)";
				SWIFT_EMIT_LOC_STRINGS = YES;
				SWIFT_VERSION = 5.0;
				TARGETED_DEVICE_FAMILY = "1,2";
			};
			name = Debug;
		};
		052017DE274DD6A400D8CDB6 /* Release */ = {
			isa = XCBuildConfiguration;
			baseConfigurationReference = 9577D9B879E8157790C18EBB /* Pods-CodeJapan.release.xcconfig */;
			buildSettings = {
				ASSETCATALOG_COMPILER_APPICON_NAME = AppIcon;
				ASSETCATALOG_COMPILER_GLOBAL_ACCENT_COLOR_NAME = AccentColor;
				CODE_SIGN_STYLE = Automatic;
				CURRENT_PROJECT_VERSION = 1;
				DEVELOPMENT_TEAM = 3VQL997966;
				GENERATE_INFOPLIST_FILE = YES;
				INFOPLIST_FILE = CodeJapan/Info.plist;
				INFOPLIST_KEY_UIApplicationSupportsIndirectInputEvents = YES;
				INFOPLIST_KEY_UILaunchStoryboardName = LaunchScreen;
				INFOPLIST_KEY_UIMainStoryboardFile = Main;
				INFOPLIST_KEY_UISupportedInterfaceOrientations_iPad = "UIInterfaceOrientationPortrait UIInterfaceOrientationPortraitUpsideDown UIInterfaceOrientationLandscapeLeft UIInterfaceOrientationLandscapeRight";
				INFOPLIST_KEY_UISupportedInterfaceOrientations_iPhone = "UIInterfaceOrientationPortrait UIInterfaceOrientationLandscapeLeft UIInterfaceOrientationLandscapeRight";
				LD_RUNPATH_SEARCH_PATHS = (
					"$(inherited)",
					"@executable_path/Frameworks",
				);
				MARKETING_VERSION = 1.0;
				PRODUCT_BUNDLE_IDENTIFIER = com.techimage.test.CodeJapan;
				PRODUCT_NAME = "$(TARGET_NAME)";
				SWIFT_EMIT_LOC_STRINGS = YES;
				SWIFT_VERSION = 5.0;
				TARGETED_DEVICE_FAMILY = "1,2";
			};
			name = Release;
		};
		052017E0274DD6A400D8CDB6 /* Debug */ = {
			isa = XCBuildConfiguration;
			baseConfigurationReference = B842F2C7BAF259423597F95C /* Pods-CodeJapanTests.debug.xcconfig */;
			buildSettings = {
				ALWAYS_EMBED_SWIFT_STANDARD_LIBRARIES = YES;
				BUNDLE_LOADER = "$(TEST_HOST)";
				CODE_SIGN_STYLE = Automatic;
				CURRENT_PROJECT_VERSION = 1;
				DEVELOPMENT_TEAM = 3VQL997966;
				GENERATE_INFOPLIST_FILE = YES;
				IPHONEOS_DEPLOYMENT_TARGET = 15.0;
				LD_RUNPATH_SEARCH_PATHS = (
					"$(inherited)",
					"@executable_path/Frameworks",
					"@loader_path/Frameworks",
				);
				MARKETING_VERSION = 1.0;
				PRODUCT_BUNDLE_IDENTIFIER = com.techimage.test.CodeJapanTests;
				PRODUCT_NAME = "$(TARGET_NAME)";
				SWIFT_EMIT_LOC_STRINGS = NO;
				SWIFT_VERSION = 5.0;
				TARGETED_DEVICE_FAMILY = "1,2";
				TEST_HOST = "$(BUILT_PRODUCTS_DIR)/CodeJapan.app/CodeJapan";
			};
			name = Debug;
		};
		052017E1274DD6A400D8CDB6 /* Release */ = {
			isa = XCBuildConfiguration;
			baseConfigurationReference = 709519279E60BAB03A6C8686 /* Pods-CodeJapanTests.release.xcconfig */;
			buildSettings = {
				ALWAYS_EMBED_SWIFT_STANDARD_LIBRARIES = YES;
				BUNDLE_LOADER = "$(TEST_HOST)";
				CODE_SIGN_STYLE = Automatic;
				CURRENT_PROJECT_VERSION = 1;
				DEVELOPMENT_TEAM = 3VQL997966;
				GENERATE_INFOPLIST_FILE = YES;
				IPHONEOS_DEPLOYMENT_TARGET = 15.0;
				LD_RUNPATH_SEARCH_PATHS = (
					"$(inherited)",
					"@executable_path/Frameworks",
					"@loader_path/Frameworks",
				);
				MARKETING_VERSION = 1.0;
				PRODUCT_BUNDLE_IDENTIFIER = com.techimage.test.CodeJapanTests;
				PRODUCT_NAME = "$(TARGET_NAME)";
				SWIFT_EMIT_LOC_STRINGS = NO;
				SWIFT_VERSION = 5.0;
				TARGETED_DEVICE_FAMILY = "1,2";
				TEST_HOST = "$(BUILT_PRODUCTS_DIR)/CodeJapan.app/CodeJapan";
			};
			name = Release;
		};
		052017E3274DD6A400D8CDB6 /* Debug */ = {
			isa = XCBuildConfiguration;
			baseConfigurationReference = FBD0AFEE45B072E8349431AB /* Pods-CodeJapan-CodeJapanUITests.debug.xcconfig */;
			buildSettings = {
				ALWAYS_EMBED_SWIFT_STANDARD_LIBRARIES = YES;
				CODE_SIGN_STYLE = Automatic;
				CURRENT_PROJECT_VERSION = 1;
				DEVELOPMENT_TEAM = 3VQL997966;
				GENERATE_INFOPLIST_FILE = YES;
				LD_RUNPATH_SEARCH_PATHS = (
					"$(inherited)",
					"@executable_path/Frameworks",
					"@loader_path/Frameworks",
				);
				MARKETING_VERSION = 1.0;
				PRODUCT_BUNDLE_IDENTIFIER = com.techimage.test.CodeJapanUITests;
				PRODUCT_NAME = "$(TARGET_NAME)";
				SWIFT_EMIT_LOC_STRINGS = NO;
				SWIFT_VERSION = 5.0;
				TARGETED_DEVICE_FAMILY = "1,2";
				TEST_TARGET_NAME = CodeJapan;
			};
			name = Debug;
		};
		052017E4274DD6A400D8CDB6 /* Release */ = {
			isa = XCBuildConfiguration;
			baseConfigurationReference = 7C3ED0A4D22F609D5A2230BB /* Pods-CodeJapan-CodeJapanUITests.release.xcconfig */;
			buildSettings = {
				ALWAYS_EMBED_SWIFT_STANDARD_LIBRARIES = YES;
				CODE_SIGN_STYLE = Automatic;
				CURRENT_PROJECT_VERSION = 1;
				DEVELOPMENT_TEAM = 3VQL997966;
				GENERATE_INFOPLIST_FILE = YES;
				LD_RUNPATH_SEARCH_PATHS = (
					"$(inherited)",
					"@executable_path/Frameworks",
					"@loader_path/Frameworks",
				);
				MARKETING_VERSION = 1.0;
				PRODUCT_BUNDLE_IDENTIFIER = com.techimage.test.CodeJapanUITests;
				PRODUCT_NAME = "$(TARGET_NAME)";
				SWIFT_EMIT_LOC_STRINGS = NO;
				SWIFT_VERSION = 5.0;
				TARGETED_DEVICE_FAMILY = "1,2";
				TEST_TARGET_NAME = CodeJapan;
			};
			name = Release;
		};
/* End XCBuildConfiguration section */

/* Begin XCConfigurationList section */
		052017AD274DD6A200D8CDB6 /* Build configuration list for PBXProject "CodeJapan" */ = {
			isa = XCConfigurationList;
			buildConfigurations = (
				052017DA274DD6A400D8CDB6 /* Debug */,
				052017DB274DD6A400D8CDB6 /* Release */,
			);
			defaultConfigurationIsVisible = 0;
			defaultConfigurationName = Release;
		};
		052017DC274DD6A400D8CDB6 /* Build configuration list for PBXNativeTarget "CodeJapan" */ = {
			isa = XCConfigurationList;
			buildConfigurations = (
				052017DD274DD6A400D8CDB6 /* Debug */,
				052017DE274DD6A400D8CDB6 /* Release */,
			);
			defaultConfigurationIsVisible = 0;
			defaultConfigurationName = Release;
		};
		052017DF274DD6A400D8CDB6 /* Build configuration list for PBXNativeTarget "CodeJapanTests" */ = {
			isa = XCConfigurationList;
			buildConfigurations = (
				052017E0274DD6A400D8CDB6 /* Debug */,
				052017E1274DD6A400D8CDB6 /* Release */,
			);
			defaultConfigurationIsVisible = 0;
			defaultConfigurationName = Release;
		};
		052017E2274DD6A400D8CDB6 /* Build configuration list for PBXNativeTarget "CodeJapanUITests" */ = {
			isa = XCConfigurationList;
			buildConfigurations = (
				052017E3274DD6A400D8CDB6 /* Debug */,
				052017E4274DD6A400D8CDB6 /* Release */,
			);
			defaultConfigurationIsVisible = 0;
			defaultConfigurationName = Release;
		};
/* End XCConfigurationList section */
	};
	rootObject = 052017AA274DD6A200D8CDB6 /* Project object */;
}
